
Microsoft Visual Studio Solution File, Format Version 12.00
# Visual Studio Version 17
VisualStudioVersion = 17.1.32210.238
MinimumVisualStudioVersion = 10.0.40219.1
Project("{FAE04EC0-301F-11D3-BF4B-00C04F79EFBC}") = "SortApp.Api", "SortApp.Api\SortApp.Api.csproj", "{81090C55-A59D-42FC-AB46-DA807EB29169}"
EndProject
Project("{FAE04EC0-301F-11D3-BF4B-00C04F79EFBC}") = "SortApp.Application", "SortApp.Application\SortApp.Application.csproj", "{4FA99CDF-737D-4F6A-ABE7-FBE41B4BB78B}"
EndProject
Project("{FAE04EC0-301F-11D3-BF4B-00C04F79EFBC}") = "SortApp.Application.Tests", "SortApp.Application.Tests\SortApp.Application.Tests.csproj", "{AEE103A6-8ABC-406F-9004-0819D0F6D580}"
EndProject
Project("{FAE04EC0-301F-11D3-BF4B-00C04F79EFBC}") = "SortApp.Application.BenchmarkTests", "SortApp.Application.BenchmarkTests\SortApp.Application.BenchmarkTests.csproj", "{FDF112D9-40D9-41BB-8480-4DE23228E6AD}"
EndProject
Project("{FAE04EC0-301F-11D3-BF4B-00C04F79EFBC}") = "SortApp.Api.Tests", "SortApp.Api.Tests\SortApp.Api.Tests.csproj", "{6237C783-524A-4695-81CE-8F6718810D2E}"
EndProject
Global
	GlobalSection(SolutionConfigurationPlatforms) = preSolution
		Debug|Any CPU = Debug|Any CPU
		Release|Any CPU = Release|Any CPU
	EndGlobalSection
	GlobalSection(ProjectConfigurationPlatforms) = postSolution
		{81090C55-A59D-42FC-AB46-DA807EB29169}.Debug|Any CPU.ActiveCfg = Debug|Any CPU
		{81090C55-A59D-42FC-AB46-DA807EB29169}.Debug|Any CPU.Build.0 = Debug|Any CPU
		{81090C55-A59D-42FC-AB46-DA807EB29169}.Release|Any CPU.ActiveCfg = Release|Any CPU
		{81090C55-A59D-42FC-AB46-DA807EB29169}.Release|Any CPU.Build.0 = Release|Any CPU
		{4FA99CDF-737D-4F6A-ABE7-FBE41B4BB78B}.Debug|Any CPU.ActiveCfg = Debug|Any CPU
		{4FA99CDF-737D-4F6A-ABE7-FBE41B4BB78B}.Debug|Any CPU.Build.0 = Debug|Any CPU
		{4FA99CDF-737D-4F6A-ABE7-FBE41B4BB78B}.Release|Any CPU.ActiveCfg = Release|Any CPU
		{4FA99CDF-737D-4F6A-ABE7-FBE41B4BB78B}.Release|Any CPU.Build.0 = Release|Any CPU
		{AEE103A6-8ABC-406F-9004-0819D0F6D580}.Debug|Any CPU.ActiveCfg = Debug|Any CPU
		{AEE103A6-8ABC-406F-9004-0819D0F6D580}.Debug|Any CPU.Build.0 = Debug|Any CPU
		{AEE103A6-8ABC-406F-9004-0819D0F6D580}.Release|Any CPU.ActiveCfg = Release|Any CPU
		{AEE103A6-8ABC-406F-9004-0819D0F6D580}.Release|Any CPU.Build.0 = Release|Any CPU
		{FDF112D9-40D9-41BB-8480-4DE23228E6AD}.Debug|Any CPU.ActiveCfg = Debug|Any CPU
		{FDF112D9-40D9-41BB-8480-4DE23228E6AD}.Debug|Any CPU.Build.0 = Debug|Any CPU
		{FDF112D9-40D9-41BB-8480-4DE23228E6AD}.Release|Any CPU.ActiveCfg = Release|Any CPU
		{FDF112D9-40D9-41BB-8480-4DE23228E6AD}.Release|Any CPU.Build.0 = Release|Any CPU
		{6237C783-524A-4695-81CE-8F6718810D2E}.Debug|Any CPU.ActiveCfg = Debug|Any CPU
		{6237C783-524A-4695-81CE-8F6718810D2E}.Debug|Any CPU.Build.0 = Debug|Any CPU
		{6237C783-524A-4695-81CE-8F6718810D2E}.Release|Any CPU.ActiveCfg = Release|Any CPU
		{6237C783-524A-4695-81CE-8F6718810D2E}.Release|Any CPU.Build.0 = Release|Any CPU
	EndGlobalSection
	GlobalSection(SolutionProperties) = preSolution
		HideSolutionNode = FALSE
	EndGlobalSection
	GlobalSection(ExtensibilityGlobals) = postSolution
		SolutionGuid = {A2A9056D-E783-47AC-B18D-17C76F22FA90}
	EndGlobalSection
EndGlobal
